
Microsoft Visual Studio Solution File, Format Version 12.00
# Visual Studio Version 16
VisualStudioVersion = 16.0.31702.278
MinimumVisualStudioVersion = 10.0.40219.1
Project("{FAE04EC0-301F-11D3-BF4B-00C04F79EFBC}") = "PokazniPrimerRadaSaBazom", "PokazniPrimerRadaSaBazom\PokazniPrimerRadaSaBazom.csproj", "{DA944897-3124-476A-827D-ED43D9444406}"
EndProject
Global
	GlobalSection(SolutionConfigurationPlatforms) = preSolution
		Debug|Any CPU = Debug|Any CPU
		Release|Any CPU = Release|Any CPU
	EndGlobalSection
	GlobalSection(ProjectConfigurationPlatforms) = postSolution
		{DA944897-3124-476A-827D-ED43D9444406}.Debug|Any CPU.ActiveCfg = Debug|Any CPU
		{DA944897-3124-476A-827D-ED43D9444406}.Debug|Any CPU.Build.0 = Debug|Any CPU
		{DA944897-3124-476A-827D-ED43D9444406}.Release|Any CPU.ActiveCfg = Release|Any CPU
		{DA944897-3124-476A-827D-ED43D9444406}.Release|Any CPU.Build.0 = Release|Any CPU
	EndGlobalSection
	GlobalSection(SolutionProperties) = preSolution
		HideSolutionNode = FALSE
	EndGlobalSection
	GlobalSection(ExtensibilityGlobals) = postSolution
		SolutionGuid = {23207ED6-306C-49CD-9AB0-4DC0101BE30D}
	EndGlobalSection
EndGlobal
